
Microsoft Visual Studio Solution File, Format Version 12.00
# Visual Studio 15
VisualStudioVersion = 15.0.28307.960
MinimumVisualStudioVersion = 10.0.40219.1
Project("{8BC9CEB8-8B4A-11D0-8D11-00A0C91BC942}") = "OOP1단계", "OOP1단계\OOP1단계.vcxproj", "{86DC0BEE-829B-4C71-B06B-A126AE5D9185}"
EndProject
Global
	GlobalSection(SolutionConfigurationPlatforms) = preSolution
		Debug|x64 = Debug|x64
		Debug|x86 = Debug|x86
		Release|x64 = Release|x64
		Release|x86 = Release|x86
	EndGlobalSection
	GlobalSection(ProjectConfigurationPlatforms) = postSolution
		{86DC0BEE-829B-4C71-B06B-A126AE5D9185}.Debug|x64.ActiveCfg = Debug|x64
		{86DC0BEE-829B-4C71-B06B-A126AE5D9185}.Debug|x64.Build.0 = Debug|x64
		{86DC0BEE-829B-4C71-B06B-A126AE5D9185}.Debug|x86.ActiveCfg = Debug|Win32
		{86DC0BEE-829B-4C71-B06B-A126AE5D9185}.Debug|x86.Build.0 = Debug|Win32
		{86DC0BEE-829B-4C71-B06B-A126AE5D9185}.Release|x64.ActiveCfg = Release|x64
		{86DC0BEE-829B-4C71-B06B-A126AE5D9185}.Release|x64.Build.0 = Release|x64
		{86DC0BEE-829B-4C71-B06B-A126AE5D9185}.Release|x86.ActiveCfg = Release|Win32
		{86DC0BEE-829B-4C71-B06B-A126AE5D9185}.Release|x86.Build.0 = Release|Win32
	EndGlobalSection
	GlobalSection(SolutionProperties) = preSolution
		HideSolutionNode = FALSE
	EndGlobalSection
	GlobalSection(ExtensibilityGlobals) = postSolution
		SolutionGuid = {9C7A1CEF-7F6E-49AB-91BF-6D7D7712F27B}
	EndGlobalSection
EndGlobal
